
Microsoft Visual Studio Solution File, Format Version 12.00
# Visual Studio Version 16
VisualStudioVersion = 16.0.29403.142
MinimumVisualStudioVersion = 10.0.40219.1
Project("{FAE04EC0-301F-11D3-BF4B-00C04F79EFBC}") = "HS2_PovX", "HS2_PovX.csproj", "{018FA58C-3081-4F29-A72E-506F7325968B}"
EndProject
Global
	GlobalSection(SolutionConfigurationPlatforms) = preSolution
		Debug|Any CPU = Debug|Any CPU
		Release|Any CPU = Release|Any CPU
	EndGlobalSection
	GlobalSection(ProjectConfigurationPlatforms) = postSolution
		{018FA58C-3081-4F29-A72E-506F7325968B}.Debug|Any CPU.ActiveCfg = Debug|Any CPU
		{018FA58C-3081-4F29-A72E-506F7325968B}.Debug|Any CPU.Build.0 = Debug|Any CPU
		{018FA58C-3081-4F29-A72E-506F7325968B}.Release|Any CPU.ActiveCfg = Release|Any CPU
		{018FA58C-3081-4F29-A72E-506F7325968B}.Release|Any CPU.Build.0 = Release|Any CPU
	EndGlobalSection
	GlobalSection(SolutionProperties) = preSolution
		HideSolutionNode = FALSE
	EndGlobalSection
	GlobalSection(ExtensibilityGlobals) = postSolution
		SolutionGuid = {F31D4764-1949-47C8-857A-873894692ADA}
	EndGlobalSection
EndGlobal
